
Microsoft Visual Studio Solution File, Format Version 12.00
# Visual Studio Version 17
VisualStudioVersion = 17.8.34511.84
MinimumVisualStudioVersion = 10.0.40219.1
Project("{FAE04EC0-301F-11D3-BF4B-00C04F79EFBC}") = "CrudApi", "CrudApi.csproj", "{EE817602-5745-4FDE-A87F-5CE8074DA847}"
EndProject
Global
	GlobalSection(SolutionConfigurationPlatforms) = preSolution
		Debug|Any CPU = Debug|Any CPU
		Release|Any CPU = Release|Any CPU
	EndGlobalSection
	GlobalSection(ProjectConfigurationPlatforms) = postSolution
		{EE817602-5745-4FDE-A87F-5CE8074DA847}.Debug|Any CPU.ActiveCfg = Debug|Any CPU
		{EE817602-5745-4FDE-A87F-5CE8074DA847}.Debug|Any CPU.Build.0 = Debug|Any CPU
		{EE817602-5745-4FDE-A87F-5CE8074DA847}.Release|Any CPU.ActiveCfg = Release|Any CPU
		{EE817602-5745-4FDE-A87F-5CE8074DA847}.Release|Any CPU.Build.0 = Release|Any CPU
	EndGlobalSection
	GlobalSection(SolutionProperties) = preSolution
		HideSolutionNode = FALSE
	EndGlobalSection
	GlobalSection(ExtensibilityGlobals) = postSolution
		SolutionGuid = {58B0AA55-993D-4A43-8314-2B8FA2E8FCA1}
	EndGlobalSection
EndGlobal
